// !$*UTF8*$!
{
	archiveVersion = 1;
	classes = {
	};
	objectVersion = 77;
	objects = {

/* Begin PBXBuildFile section */
		B0DB00012EE6000000000001 /* GRDB in Frameworks */ = {isa = PBXBuildFile; productRef = B0DB00002EE6000000000001 /* GRDB */; };
		B0DB00032EE6000000000001 /* SQLCipher in Frameworks */ = {isa = PBXBuildFile; productRef = B0DB00022EE6000000000001 /* SQLCipher */; };
/* End PBXBuildFile section */

/* Begin PBXContainerItemProxy section */
		B0CF56922EDDF6CF002571D5 /* PBXContainerItemProxy */ = {
			isa = PBXContainerItemProxy;
			containerPortal = B0CF567A2EDDF6CE002571D5 /* Project object */;
			proxyType = 1;
			remoteGlobalIDString = B0CF56812EDDF6CE002571D5;
			remoteInfo = DeskBrief;
		};
		B0CF569C2EDDF6CF002571D5 /* PBXContainerItemProxy */ = {
			isa = PBXContainerItemProxy;
			containerPortal = B0CF567A2EDDF6CE002571D5 /* Project object */;
			proxyType = 1;
			remoteGlobalIDString = B0CF56812EDDF6CE002571D5;
			remoteInfo = DeskBrief;
		};
/* End PBXContainerItemProxy section */

/* Begin PBXFileReference section */
		B0CF56822EDDF6CE002571D5 /* DeskBrief.app */ = {isa = PBXFileReference; explicitFileType = wrapper.application; includeInIndex = 0; path = DeskBrief.app; sourceTree = BUILT_PRODUCTS_DIR; };
		B0CF56912EDDF6CF002571D5 /* DeskBriefTests.xctest */ = {isa = PBXFileReference; explicitFileType = wrapper.cfbundle; includeInIndex = 0; path = DeskBriefTests.xctest; sourceTree = BUILT_PRODUCTS_DIR; };
		B0CF569B2EDDF6CF002571D5 /* DeskBriefUITests.xctest */ = {isa = PBXFileReference; explicitFileType = wrapper.cfbundle; includeInIndex = 0; path = DeskBriefUITests.xctest; sourceTree = BUILT_PRODUCTS_DIR; };
/* End PBXFileReference section */

/* Begin PBXFileSystemSynchronizedRootGroup section */
		B0CF56842EDDF6CE002571D5 /* DeskBrief */ = {
			isa = PBXFileSystemSynchronizedRootGroup;
			path = DeskBrief;
			sourceTree = "<group>";
		};
		B0CF56942EDDF6CF002571D5 /* DeskBriefTests */ = {
			isa = PBXFileSystemSynchronizedRootGroup;
			path = DeskBriefTests;
			sourceTree = "<group>";
		};
		B0CF569E2EDDF6CF002571D5 /* DeskBriefUITests */ = {
			isa = PBXFileSystemSynchronizedRootGroup;
			path = DeskBriefUITests;
			sourceTree = "<group>";
		};
/* End PBXFileSystemSynchronizedRootGroup section */

/* Begin PBXFrameworksBuildPhase section */
		B0CF567F2EDDF6CE002571D5 /* Frameworks */ = {
			isa = PBXFrameworksBuildPhase;
			buildActionMask = 2147483647;
			files = (
				B0DB00012EE6000000000001 /* GRDB in Frameworks */,
				B0DB00032EE6000000000001 /* SQLCipher in Frameworks */,
			);
			runOnlyForDeploymentPostprocessing = 0;
		};
		B0CF568E2EDDF6CF002571D5 /* Frameworks */ = {
			isa = PBXFrameworksBuildPhase;
			buildActionMask = 2147483647;
			files = (
			);
			runOnlyForDeploymentPostprocessing = 0;
		};
		B0CF56982EDDF6CF002571D5 /* Frameworks */ = {
			isa = PBXFrameworksBuildPhase;
			buildActionMask = 2147483647;
			files = (
			);
			runOnlyForDeploymentPostprocessing = 0;
		};
/* End PBXFrameworksBuildPhase section */

/* Begin PBXGroup section */
		B0CF56792EDDF6CE002571D5 = {
			isa = PBXGroup;
			children = (
				B0CF56842EDDF6CE002571D5 /* DeskBrief */,
				B0CF56942EDDF6CF002571D5 /* DeskBriefTests */,
				B0CF569E2EDDF6CF002571D5 /* DeskBriefUITests */,
				B0CF56832EDDF6CE002571D5 /* Products */,
			);
			sourceTree = "<group>";
		};
		B0CF56832EDDF6CE002571D5 /* Products */ = {
			isa = PBXGroup;
			children = (
				B0CF56822EDDF6CE002571D5 /* DeskBrief.app */,
				B0CF56912EDDF6CF002571D5 /* DeskBriefTests.xctest */,
				B0CF569B2EDDF6CF002571D5 /* DeskBriefUITests.xctest */,
			);
			name = Products;
			sourceTree = "<group>";
		};
/* End PBXGroup section */

/* Begin PBXNativeTarget section */
		B0CF56812EDDF6CE002571D5 /* DeskBrief */ = {
			isa = PBXNativeTarget;
			buildConfigurationList = B0CF56A52EDDF6CF002571D5 /* Build configuration list for PBXNativeTarget "DeskBrief" */;
			buildPhases = (
				B0CF567E2EDDF6CE002571D5 /* Sources */,
				B0CF567F2EDDF6CE002571D5 /* Frameworks */,
				B0CF56802EDDF6CE002571D5 /* Resources */,
			);
			buildRules = (
			);
			dependencies = (
			);
			fileSystemSynchronizedGroups = (
				B0CF56842EDDF6CE002571D5 /* DeskBrief */,
			);
			name = DeskBrief;
			packageProductDependencies = (
				B0DB00002EE6000000000001 /* GRDB */,
				B0DB00022EE6000000000001 /* SQLCipher */,
			);
			productName = DeskBrief;
			productReference = B0CF56822EDDF6CE002571D5 /* DeskBrief.app */;
			productType = "com.apple.product-type.application";
		};
		B0CF56902EDDF6CF002571D5 /* DeskBriefTests */ = {
			isa = PBXNativeTarget;
			buildConfigurationList = B0CF56A82EDDF6CF002571D5 /* Build configuration list for PBXNativeTarget "DeskBriefTests" */;
			buildPhases = (
				B0CF568D2EDDF6CF002571D5 /* Sources */,
				B0CF568E2EDDF6CF002571D5 /* Frameworks */,
				B0CF568F2EDDF6CF002571D5 /* Resources */,
			);
			buildRules = (
			);
			dependencies = (
				B0CF56932EDDF6CF002571D5 /* PBXTargetDependency */,
			);
			fileSystemSynchronizedGroups = (
				B0CF56942EDDF6CF002571D5 /* DeskBriefTests */,
			);
			name = DeskBriefTests;
			packageProductDependencies = (
			);
			productName = DeskBriefTests;
			productReference = B0CF56912EDDF6CF002571D5 /* DeskBriefTests.xctest */;
			productType = "com.apple.product-type.bundle.unit-test";
		};
		B0CF569A2EDDF6CF002571D5 /* DeskBriefUITests */ = {
			isa = PBXNativeTarget;
			buildConfigurationList = B0CF56AB2EDDF6CF002571D5 /* Build configuration list for PBXNativeTarget "DeskBriefUITests" */;
			buildPhases = (
				B0CF56972EDDF6CF002571D5 /* Sources */,
				B0CF56982EDDF6CF002571D5 /* Frameworks */,
				B0CF56992EDDF6CF002571D5 /* Resources */,
			);
			buildRules = (
			);
			dependencies = (
				B0CF569D2EDDF6CF002571D5 /* PBXTargetDependency */,
			);
			fileSystemSynchronizedGroups = (
				B0CF569E2EDDF6CF002571D5 /* DeskBriefUITests */,
			);
			name = DeskBriefUITests;
			packageProductDependencies = (
			);
			productName = DeskBriefUITests;
			productReference = B0CF569B2EDDF6CF002571D5 /* DeskBriefUITests.xctest */;
			productType = "com.apple.product-type.bundle.ui-testing";
		};
/* End PBXNativeTarget section */

/* Begin PBXProject section */
		B0CF567A2EDDF6CE002571D5 /* Project object */ = {
			isa = PBXProject;
			attributes = {
				BuildIndependentTargetsInParallel = 1;
				LastSwiftUpdateCheck = 2600;
				LastUpgradeCheck = 2620;
				TargetAttributes = {
					B0CF56812EDDF6CE002571D5 = {
						CreatedOnToolsVersion = 26.0.1;
					};
					B0CF56902EDDF6CF002571D5 = {
						CreatedOnToolsVersion = 26.0.1;
						TestTargetID = B0CF56812EDDF6CE002571D5;
					};
					B0CF569A2EDDF6CF002571D5 = {
						CreatedOnToolsVersion = 26.0.1;
						TestTargetID = B0CF56812EDDF6CE002571D5;
					};
				};
			};
			buildConfigurationList = B0CF567D2EDDF6CE002571D5 /* Build configuration list for PBXProject "DeskBrief" */;
			developmentRegion = en;
			hasScannedForEncodings = 0;
			knownRegions = (
				en,
				Base,
			);
			mainGroup = B0CF56792EDDF6CE002571D5;
			minimizedProjectReferenceProxies = 1;
			packageReferences = (
				B0DB00042EE6000000000001 /* XCRemoteSwiftPackageReference "GRDB.swift" */,
			);
			preferredProjectObjectVersion = 77;
			productRefGroup = B0CF56832EDDF6CE002571D5 /* Products */;
			projectDirPath = "";
			projectRoot = "";
			targets = (
				B0CF56812EDDF6CE002571D5 /* DeskBrief */,
				B0CF56902EDDF6CF002571D5 /* DeskBriefTests */,
				B0CF569A2EDDF6CF002571D5 /* DeskBriefUITests */,
			);
		};
/* End PBXProject section */

/* Begin PBXResourcesBuildPhase section */
		B0CF56802EDDF6CE002571D5 /* Resources */ = {
			isa = PBXResourcesBuildPhase;
			buildActionMask = 2147483647;
			files = (
			);
			runOnlyForDeploymentPostprocessing = 0;
		};
		B0CF568F2EDDF6CF002571D5 /* Resources */ = {
			isa = PBXResourcesBuildPhase;
			buildActionMask = 2147483647;
			files = (
			);
			runOnlyForDeploymentPostprocessing = 0;
		};
		B0CF56992EDDF6CF002571D5 /* Resources */ = {
			isa = PBXResourcesBuildPhase;
			buildActionMask = 2147483647;
			files = (
			);
			runOnlyForDeploymentPostprocessing = 0;
		};
/* End PBXResourcesBuildPhase section */

/* Begin PBXSourcesBuildPhase section */
		B0CF567E2EDDF6CE002571D5 /* Sources */ = {
			isa = PBXSourcesBuildPhase;
			buildActionMask = 2147483647;
			files = (
			);
			runOnlyForDeploymentPostprocessing = 0;
		};
		B0CF568D2EDDF6CF002571D5 /* Sources */ = {
			isa = PBXSourcesBuildPhase;
			buildActionMask = 2147483647;
			files = (
			);
			runOnlyForDeploymentPostprocessing = 0;
		};
		B0CF56972EDDF6CF002571D5 /* Sources */ = {
			isa = PBXSourcesBuildPhase;
			buildActionMask = 2147483647;
			files = (
			);
			runOnlyForDeploymentPostprocessing = 0;
		};
/* End PBXSourcesBuildPhase section */

/* Begin PBXTargetDependency section */
		B0CF56932EDDF6CF002571D5 /* PBXTargetDependency */ = {
			isa = PBXTargetDependency;
			target = B0CF56812EDDF6CE002571D5 /* DeskBrief */;
			targetProxy = B0CF56922EDDF6CF002571D5 /* PBXContainerItemProxy */;
		};
		B0CF569D2EDDF6CF002571D5 /* PBXTargetDependency */ = {
			isa = PBXTargetDependency;
			target = B0CF56812EDDF6CE002571D5 /* DeskBrief */;
			targetProxy = B0CF569C2EDDF6CF002571D5 /* PBXContainerItemProxy */;
		};
/* End PBXTargetDependency section */

/* Begin XCBuildConfiguration section */
		B0CF56A32EDDF6CF002571D5 /* Debug */ = {
			isa = XCBuildConfiguration;
			buildSettings = {
				ALWAYS_SEARCH_USER_PATHS = NO;
				ASSETCATALOG_COMPILER_GENERATE_SWIFT_ASSET_SYMBOL_EXTENSIONS = YES;
				CLANG_ANALYZER_NONNULL = YES;
				CLANG_ANALYZER_NUMBER_OBJECT_CONVERSION = YES_AGGRESSIVE;
				CLANG_CXX_LANGUAGE_STANDARD = "gnu++20";
				CLANG_ENABLE_MODULES = YES;
				CLANG_ENABLE_OBJC_ARC = YES;
				CLANG_ENABLE_OBJC_WEAK = YES;
				CLANG_WARN_BLOCK_CAPTURE_AUTORELEASING = YES;
				CLANG_WARN_BOOL_CONVERSION = YES;
				CLANG_WARN_COMMA = YES;
				CLANG_WARN_CONSTANT_CONVERSION = YES;
				CLANG_WARN_DEPRECATED_OBJC_IMPLEMENTATIONS = YES;
				CLANG_WARN_DIRECT_OBJC_ISA_USAGE = YES_ERROR;
				CLANG_WARN_DOCUMENTATION_COMMENTS = YES;
				CLANG_WARN_EMPTY_BODY = YES;
				CLANG_WARN_ENUM_CONVERSION = YES;
				CLANG_WARN_INFINITE_RECURSION = YES;
				CLANG_WARN_INT_CONVERSION = YES;
				CLANG_WARN_NON_LITERAL_NULL_CONVERSION = YES;
				CLANG_WARN_OBJC_IMPLICIT_RETAIN_SELF = YES;
				CLANG_WARN_OBJC_LITERAL_CONVERSION = YES;
				CLANG_WARN_OBJC_ROOT_CLASS = YES_ERROR;
				CLANG_WARN_QUOTED_INCLUDE_IN_FRAMEWORK_HEADER = YES;
				CLANG_WARN_RANGE_LOOP_ANALYSIS = YES;
				CLANG_WARN_STRICT_PROTOTYPES = YES;
				CLANG_WARN_SUSPICIOUS_MOVE = YES;
				CLANG_WARN_UNGUARDED_AVAILABILITY = YES_AGGRESSIVE;
				CLANG_WARN_UNREACHABLE_CODE = YES;
				CLANG_WARN__DUPLICATE_METHOD_MATCH = YES;
				COPY_PHASE_STRIP = NO;
				DEAD_CODE_STRIPPING = YES;
				DEBUG_INFORMATION_FORMAT = dwarf;
				ENABLE_STRICT_OBJC_MSGSEND = YES;
				ENABLE_TESTABILITY = YES;
				ENABLE_USER_SCRIPT_SANDBOXING = YES;
				GCC_C_LANGUAGE_STANDARD = gnu17;
				GCC_DYNAMIC_NO_PIC = NO;
				GCC_NO_COMMON_BLOCKS = YES;
				GCC_OPTIMIZATION_LEVEL = 0;
				GCC_PREPROCESSOR_DEFINITIONS = (
					"DEBUG=1",
					"SQLITE_HAS_CODEC=1",
					"$(inherited)",
				);
				GCC_WARN_64_TO_32_BIT_CONVERSION = YES;
				GCC_WARN_ABOUT_RETURN_TYPE = YES_ERROR;
				GCC_WARN_UNDECLARED_SELECTOR = YES;
				GCC_WARN_UNINITIALIZED_AUTOS = YES_AGGRESSIVE;
				GCC_WARN_UNUSED_FUNCTION = YES;
				GCC_WARN_UNUSED_VARIABLE = YES;
				LOCALIZATION_PREFERS_STRING_CATALOGS = YES;
				MACOSX_DEPLOYMENT_TARGET = 26.0;
				MTL_ENABLE_DEBUG_INFO = INCLUDE_SOURCE;
				MTL_FAST_MATH = YES;
				ONLY_ACTIVE_ARCH = YES;
				SDKROOT = macosx;
				STRING_CATALOG_GENERATE_SYMBOLS = YES;
				SWIFT_ACTIVE_COMPILATION_CONDITIONS = "DEBUG $(inherited)";
				SWIFT_OPTIMIZATION_LEVEL = "-Onone";
			};
			name = Debug;
		};
		B0CF56A42EDDF6CF002571D5 /* Release */ = {
			isa = XCBuildConfiguration;
			buildSettings = {
				ALWAYS_SEARCH_USER_PATHS = NO;
				ASSETCATALOG_COMPILER_GENERATE_SWIFT_ASSET_SYMBOL_EXTENSIONS = YES;
				CLANG_ANALYZER_NONNULL = YES;
				CLANG_ANALYZER_NUMBER_OBJECT_CONVERSION = YES_AGGRESSIVE;
				CLANG_CXX_LANGUAGE_STANDARD = "gnu++20";
				CLANG_ENABLE_MODULES = YES;
				CLANG_ENABLE_OBJC_ARC = YES;
				CLANG_ENABLE_OBJC_WEAK = YES;
				CLANG_WARN_BLOCK_CAPTURE_AUTORELEASING = YES;
				CLANG_WARN_BOOL_CONVERSION = YES;
				CLANG_WARN_COMMA = YES;
				CLANG_WARN_CONSTANT_CONVERSION = YES;
				CLANG_WARN_DEPRECATED_OBJC_IMPLEMENTATIONS = YES;
				CLANG_WARN_DIRECT_OBJC_ISA_USAGE = YES_ERROR;
				CLANG_WARN_DOCUMENTATION_COMMENTS = YES;
				CLANG_WARN_EMPTY_BODY = YES;
				CLANG_WARN_ENUM_CONVERSION = YES;
				CLANG_WARN_INFINITE_RECURSION = YES;
				CLANG_WARN_INT_CONVERSION = YES;
				CLANG_WARN_NON_LITERAL_NULL_CONVERSION = YES;
				CLANG_WARN_OBJC_IMPLICIT_RETAIN_SELF = YES;
				CLANG_WARN_OBJC_LITERAL_CONVERSION = YES;
				CLANG_WARN_OBJC_ROOT_CLASS = YES_ERROR;
				CLANG_WARN_QUOTED_INCLUDE_IN_FRAMEWORK_HEADER = YES;
				CLANG_WARN_RANGE_LOOP_ANALYSIS = YES;
				CLANG_WARN_STRICT_PROTOTYPES = YES;
				CLANG_WARN_SUSPICIOUS_MOVE = YES;
				CLANG_WARN_UNGUARDED_AVAILABILITY = YES_AGGRESSIVE;
				CLANG_WARN_UNREACHABLE_CODE = YES;
				CLANG_WARN__DUPLICATE_METHOD_MATCH = YES;
				COPY_PHASE_STRIP = NO;
				DEAD_CODE_STRIPPING = YES;
				DEBUG_INFORMATION_FORMAT = "dwarf-with-dsym";
				ENABLE_NS_ASSERTIONS = NO;
				ENABLE_STRICT_OBJC_MSGSEND = YES;
				ENABLE_USER_SCRIPT_SANDBOXING = YES;
				GCC_C_LANGUAGE_STANDARD = gnu17;
				GCC_NO_COMMON_BLOCKS = YES;
				GCC_PREPROCESSOR_DEFINITIONS = (
					"SQLITE_HAS_CODEC=1",
					"$(inherited)",
				);
				GCC_WARN_64_TO_32_BIT_CONVERSION = YES;
				GCC_WARN_ABOUT_RETURN_TYPE = YES_ERROR;
				GCC_WARN_UNDECLARED_SELECTOR = YES;
				GCC_WARN_UNINITIALIZED_AUTOS = YES_AGGRESSIVE;
				GCC_WARN_UNUSED_FUNCTION = YES;
				GCC_WARN_UNUSED_VARIABLE = YES;
				LOCALIZATION_PREFERS_STRING_CATALOGS = YES;
				MACOSX_DEPLOYMENT_TARGET = 26.0;
				MTL_ENABLE_DEBUG_INFO = NO;
				MTL_FAST_MATH = YES;
				SDKROOT = macosx;
				STRING_CATALOG_GENERATE_SYMBOLS = YES;
				SWIFT_COMPILATION_MODE = wholemodule;
			};
			name = Release;
		};
		B0CF56A62EDDF6CF002571D5 /* Debug */ = {
			isa = XCBuildConfiguration;
			buildSettings = {
				ASSETCATALOG_COMPILER_APPICON_NAME = AppIcon;
				ASSETCATALOG_COMPILER_GLOBAL_ACCENT_COLOR_NAME = AccentColor;
				CODE_SIGN_STYLE = Automatic;
				COMBINE_HIDPI_IMAGES = YES;
				CURRENT_PROJECT_VERSION = 2;
				DEAD_CODE_STRIPPING = YES;
				ENABLE_APP_SANDBOX = YES;
				ENABLE_OUTGOING_NETWORK_CONNECTIONS = YES;
				ENABLE_PREVIEWS = YES;
				ENABLE_USER_SELECTED_FILES = readonly;
				GENERATE_INFOPLIST_FILE = YES;
				INFOPLIST_KEY_LSUIElement = YES;
				INFOPLIST_KEY_NSHumanReadableCopyright = "";
				LD_RUNPATH_SEARCH_PATHS = (
					"$(inherited)",
					"@executable_path/../Frameworks",
				);
				MARKETING_VERSION = 1.0.0;
				PRODUCT_BUNDLE_IDENTIFIER = com.iBobby.DeskBrief.dev;
				PRODUCT_NAME = "$(TARGET_NAME)";
				REGISTER_APP_GROUPS = YES;
				STRING_CATALOG_GENERATE_SYMBOLS = YES;
				SWIFT_APPROACHABLE_CONCURRENCY = YES;
				SWIFT_DEFAULT_ACTOR_ISOLATION = MainActor;
				SWIFT_EMIT_LOC_STRINGS = YES;
				SWIFT_UPCOMING_FEATURE_MEMBER_IMPORT_VISIBILITY = YES;
				SWIFT_VERSION = 5.0;
			};
			name = Debug;
		};
		B0CF56A72EDDF6CF002571D5 /* Release */ = {
			isa = XCBuildConfiguration;
			buildSettings = {
				ASSETCATALOG_COMPILER_APPICON_NAME = AppIcon;
				ASSETCATALOG_COMPILER_GLOBAL_ACCENT_COLOR_NAME = AccentColor;
				CODE_SIGN_STYLE = Automatic;
				COMBINE_HIDPI_IMAGES = YES;
				CURRENT_PROJECT_VERSION = 2;
				DEAD_CODE_STRIPPING = YES;
				ENABLE_APP_SANDBOX = YES;
				ENABLE_OUTGOING_NETWORK_CONNECTIONS = YES;
				ENABLE_PREVIEWS = YES;
				ENABLE_USER_SELECTED_FILES = readonly;
				GENERATE_INFOPLIST_FILE = YES;
				INFOPLIST_KEY_LSUIElement = YES;
				INFOPLIST_KEY_NSHumanReadableCopyright = "";
				LD_RUNPATH_SEARCH_PATHS = (
					"$(inherited)",
					"@executable_path/../Frameworks",
				);
				MARKETING_VERSION = 1.0.0;
				PRODUCT_BUNDLE_IDENTIFIER = com.iBobby.DeskBrief;
				PRODUCT_NAME = "$(TARGET_NAME)";
				REGISTER_APP_GROUPS = YES;
				STRING_CATALOG_GENERATE_SYMBOLS = YES;
				SWIFT_APPROACHABLE_CONCURRENCY = YES;
				SWIFT_DEFAULT_ACTOR_ISOLATION = MainActor;
				SWIFT_EMIT_LOC_STRINGS = YES;
				SWIFT_UPCOMING_FEATURE_MEMBER_IMPORT_VISIBILITY = YES;
				SWIFT_VERSION = 5.0;
			};
			name = Release;
		};
		B0CF56A92EDDF6CF002571D5 /* Debug */ = {
			isa = XCBuildConfiguration;
			buildSettings = {
				BUNDLE_LOADER = "$(TEST_HOST)";
				CODE_SIGN_STYLE = Automatic;
				CURRENT_PROJECT_VERSION = 1;
				DEAD_CODE_STRIPPING = YES;
				GENERATE_INFOPLIST_FILE = YES;
				MACOSX_DEPLOYMENT_TARGET = 26.0;
				MARKETING_VERSION = 1.0.0;
				PRODUCT_BUNDLE_IDENTIFIER = com.iBobby.DeskBriefTests;
				PRODUCT_NAME = "$(TARGET_NAME)";
				STRING_CATALOG_GENERATE_SYMBOLS = NO;
				SWIFT_APPROACHABLE_CONCURRENCY = YES;
				SWIFT_EMIT_LOC_STRINGS = NO;
				SWIFT_UPCOMING_FEATURE_MEMBER_IMPORT_VISIBILITY = YES;
				SWIFT_VERSION = 5.0;
				TEST_HOST = "$(BUILT_PRODUCTS_DIR)/DeskBrief.app/$(BUNDLE_EXECUTABLE_FOLDER_PATH)/DeskBrief";
			};
			name = Debug;
		};
		B0CF56AA2EDDF6CF002571D5 /* Release */ = {
			isa = XCBuildConfiguration;
			buildSettings = {
				BUNDLE_LOADER = "$(TEST_HOST)";
				CODE_SIGN_STYLE = Automatic;
				CURRENT_PROJECT_VERSION = 1;
				DEAD_CODE_STRIPPING = YES;
				GENERATE_INFOPLIST_FILE = YES;
				MACOSX_DEPLOYMENT_TARGET = 26.0;
				MARKETING_VERSION = 1.0.0;
				PRODUCT_BUNDLE_IDENTIFIER = com.iBobby.DeskBriefTests;
				PRODUCT_NAME = "$(TARGET_NAME)";
				STRING_CATALOG_GENERATE_SYMBOLS = NO;
				SWIFT_APPROACHABLE_CONCURRENCY = YES;
				SWIFT_EMIT_LOC_STRINGS = NO;
				SWIFT_UPCOMING_FEATURE_MEMBER_IMPORT_VISIBILITY = YES;
				SWIFT_VERSION = 5.0;
				TEST_HOST = "$(BUILT_PRODUCTS_DIR)/DeskBrief.app/$(BUNDLE_EXECUTABLE_FOLDER_PATH)/DeskBrief";
			};
			name = Release;
		};
		B0CF56AC2EDDF6CF002571D5 /* Debug */ = {
			isa = XCBuildConfiguration;
			buildSettings = {
				CODE_SIGN_STYLE = Automatic;
				CURRENT_PROJECT_VERSION = 1;
				DEAD_CODE_STRIPPING = YES;
				GENERATE_INFOPLIST_FILE = YES;
				MARKETING_VERSION = 1.0.0;
				PRODUCT_BUNDLE_IDENTIFIER = com.iBobby.DeskBriefUITests;
				PRODUCT_NAME = "$(TARGET_NAME)";
				STRING_CATALOG_GENERATE_SYMBOLS = NO;
				SWIFT_APPROACHABLE_CONCURRENCY = YES;
				SWIFT_EMIT_LOC_STRINGS = NO;
				SWIFT_UPCOMING_FEATURE_MEMBER_IMPORT_VISIBILITY = YES;
				SWIFT_VERSION = 5.0;
				TEST_TARGET_NAME = DeskBrief;
			};
			name = Debug;
		};
		B0CF56AD2EDDF6CF002571D5 /* Release */ = {
			isa = XCBuildConfiguration;
			buildSettings = {
				CODE_SIGN_STYLE = Automatic;
				CURRENT_PROJECT_VERSION = 1;
				DEAD_CODE_STRIPPING = YES;
				GENERATE_INFOPLIST_FILE = YES;
				MARKETING_VERSION = 1.0.0;
				PRODUCT_BUNDLE_IDENTIFIER = com.iBobby.DeskBriefUITests;
				PRODUCT_NAME = "$(TARGET_NAME)";
				STRING_CATALOG_GENERATE_SYMBOLS = NO;
				SWIFT_APPROACHABLE_CONCURRENCY = YES;
				SWIFT_EMIT_LOC_STRINGS = NO;
				SWIFT_UPCOMING_FEATURE_MEMBER_IMPORT_VISIBILITY = YES;
				SWIFT_VERSION = 5.0;
				TEST_TARGET_NAME = DeskBrief;
			};
			name = Release;
		};
/* End XCBuildConfiguration section */

/* Begin XCConfigurationList section */
		B0CF567D2EDDF6CE002571D5 /* Build configuration list for PBXProject "DeskBrief" */ = {
			isa = XCConfigurationList;
			buildConfigurations = (
				B0CF56A32EDDF6CF002571D5 /* Debug */,
				B0CF56A42EDDF6CF002571D5 /* Release */,
			);
			defaultConfigurationIsVisible = 0;
			defaultConfigurationName = Release;
		};
		B0CF56A52EDDF6CF002571D5 /* Build configuration list for PBXNativeTarget "DeskBrief" */ = {
			isa = XCConfigurationList;
			buildConfigurations = (
				B0CF56A62EDDF6CF002571D5 /* Debug */,
				B0CF56A72EDDF6CF002571D5 /* Release */,
			);
			defaultConfigurationIsVisible = 0;
			defaultConfigurationName = Release;
		};
		B0CF56A82EDDF6CF002571D5 /* Build configuration list for PBXNativeTarget "DeskBriefTests" */ = {
			isa = XCConfigurationList;
			buildConfigurations = (
				B0CF56A92EDDF6CF002571D5 /* Debug */,
				B0CF56AA2EDDF6CF002571D5 /* Release */,
			);
			defaultConfigurationIsVisible = 0;
			defaultConfigurationName = Release;
		};
		B0CF56AB2EDDF6CF002571D5 /* Build configuration list for PBXNativeTarget "DeskBriefUITests" */ = {
			isa = XCConfigurationList;
			buildConfigurations = (
				B0CF56AC2EDDF6CF002571D5 /* Debug */,
				B0CF56AD2EDDF6CF002571D5 /* Release */,
			);
			defaultConfigurationIsVisible = 0;
			defaultConfigurationName = Release;
		};
/* End XCConfigurationList section */

/* Begin XCRemoteSwiftPackageReference section */
		B0DB00042EE6000000000001 /* XCRemoteSwiftPackageReference "GRDB.swift" */ = {
			isa = XCRemoteSwiftPackageReference;
			repositoryURL = "git@github.com:iBobbyTS/GRDB.swift.git";
			requirement = {
				branch = "deskbrief-sqlcipher";
				kind = branch;
			};
		};
/* End XCRemoteSwiftPackageReference section */

/* Begin XCSwiftPackageProductDependency section */
		B0DB00002EE6000000000001 /* GRDB */ = {
			isa = XCSwiftPackageProductDependency;
			package = B0DB00042EE6000000000001 /* XCRemoteSwiftPackageReference "GRDB.swift" */;
			productName = GRDB;
		};
		B0DB00022EE6000000000001 /* SQLCipher */ = {
			isa = XCSwiftPackageProductDependency;
			package = B0DB00042EE6000000000001 /* XCRemoteSwiftPackageReference "GRDB.swift" */;
			productName = SQLCipher;
		};
/* End XCSwiftPackageProductDependency section */
	};
	rootObject = B0CF567A2EDDF6CE002571D5 /* Project object */;
}
